
Microsoft Visual Studio Solution File, Format Version 12.00
# Visual Studio Version 17
VisualStudioVersion = 17.10.34928.147
MinimumVisualStudioVersion = 10.0.40219.1
Project("{FAE04EC0-301F-11D3-BF4B-00C04F79EFBC}") = "MovieBookingAPI", "MovieBookingAPI.csproj", "{FF00C147-FEA6-4042-9E48-AC08AA54565A}"
EndProject
Global
	GlobalSection(SolutionConfigurationPlatforms) = preSolution
		Debug|Any CPU = Debug|Any CPU
		Release|Any CPU = Release|Any CPU
	EndGlobalSection
	GlobalSection(ProjectConfigurationPlatforms) = postSolution
		{FF00C147-FEA6-4042-9E48-AC08AA54565A}.Debug|Any CPU.ActiveCfg = Debug|Any CPU
		{FF00C147-FEA6-4042-9E48-AC08AA54565A}.Debug|Any CPU.Build.0 = Debug|Any CPU
		{FF00C147-FEA6-4042-9E48-AC08AA54565A}.Release|Any CPU.ActiveCfg = Release|Any CPU
		{FF00C147-FEA6-4042-9E48-AC08AA54565A}.Release|Any CPU.Build.0 = Release|Any CPU
	EndGlobalSection
	GlobalSection(SolutionProperties) = preSolution
		HideSolutionNode = FALSE
	EndGlobalSection
	GlobalSection(ExtensibilityGlobals) = postSolution
		SolutionGuid = {C22FD24A-1B95-4E68-870B-A26110032CE3}
	EndGlobalSection
EndGlobal
